{
    "name": "serial",
    "lockfileVersion": 3,
    "requires": true,
    "packages": {
        "": {
            "dependencies": {
                "crypto-js": "^4.2.0",
                "debounce": "^2.1.0",
                "esptool-js": "^0.4.1",
                "serialport": "^12.0.0",
                "serve-handler": "^6.1.5",
                "ws": "^8.17.0"
            }
        },
        "node_modules/@serialport/binding-mock": {
            "version": "10.2.2",
            "resolved": "https://registry.npmjs.org/@serialport/binding-mock/-/binding-mock-10.2.2.tgz",
            "integrity": "sha512-HAFzGhk9OuFMpuor7aT5G1ChPgn5qSsklTFOTUX72Rl6p0xwcSVsRtG/xaGp6bxpN7fI9D/S8THLBWbBgS6ldw==",
            "dependencies": {
                "@serialport/bindings-interface": "^1.2.1",
                "debug": "^4.3.3"
            },
            "engines": {
                "node": ">=12.0.0"
            }
        },
        "node_modules/@serialport/bindings-cpp": {
            "version": "12.0.1",
            "resolved": "https://registry.npmjs.org/@serialport/bindings-cpp/-/bindings-cpp-12.0.1.tgz",
            "integrity": "sha512-r2XOwY2dDvbW7dKqSPIk2gzsr6M6Qpe9+/Ngs94fNaNlcTRCV02PfaoDmRgcubpNVVcLATlxSxPTIDw12dbKOg==",
            "hasInstallScript": true,
            "dependencies": {
                "@serialport/bindings-interface": "1.2.2",
                "@serialport/parser-readline": "11.0.0",
                "debug": "4.3.4",
                "node-addon-api": "7.0.0",
                "node-gyp-build": "4.6.0"
            },
            "engines": {
                "node": ">=16.0.0"
            },
            "funding": {
                "url": "https://opencollective.com/serialport/donate"
            }
        },
        "node_modules/@serialport/bindings-cpp/node_modules/@serialport/parser-delimiter": {
            "version": "11.0.0",
            "resolved": "https://registry.npmjs.org/@serialport/parser-delimiter/-/parser-delimiter-11.0.0.tgz",
            "integrity": "sha512-aZLJhlRTjSmEwllLG7S4J8s8ctRAS0cbvCpO87smLvl3e4BgzbVgF6Z6zaJd3Aji2uSiYgfedCdNc4L6W+1E2g==",
            "engines": {
                "node": ">=12.0.0"
            },
            "funding": {
                "url": "https://opencollective.com/serialport/donate"
            }
        },
        "node_modules/@serialport/bindings-cpp/node_modules/@serialport/parser-readline": {
            "version": "11.0.0",
            "resolved": "https://registry.npmjs.org/@serialport/parser-readline/-/parser-readline-11.0.0.tgz",
            "integrity": "sha512-rRAivhRkT3YO28WjmmG4FQX6L+KMb5/ikhyylRfzWPw0nSXy97+u07peS9CbHqaNvJkMhH1locp2H36aGMOEIA==",
            "dependencies": {
                "@serialport/parser-delimiter": "11.0.0"
            },
            "engines": {
                "node": ">=12.0.0"
            },
            "funding": {
                "url": "https://opencollective.com/serialport/donate"
            }
        },
        "node_modules/@serialport/bindings-interface": {
            "version": "1.2.2",
            "resolved": "https://registry.npmjs.org/@serialport/bindings-interface/-/bindings-interface-1.2.2.tgz",
            "integrity": "sha512-CJaUd5bLvtM9c5dmO9rPBHPXTa9R2UwpkJ0wdh9JCYcbrPWsKz+ErvR0hBLeo7NPeiFdjFO4sonRljiw4d2XiA==",
            "engines": {
                "node": "^12.22 || ^14.13 || >=16"
            }
        },
        "node_modules/@serialport/parser-byte-length": {
            "version": "12.0.0",
            "resolved": "https://registry.npmjs.org/@serialport/parser-byte-length/-/parser-byte-length-12.0.0.tgz",
            "integrity": "sha512-0ei0txFAj+s6FTiCJFBJ1T2hpKkX8Md0Pu6dqMrYoirjPskDLJRgZGLqoy3/lnU1bkvHpnJO+9oJ3PB9v8rNlg==",
            "engines": {
                "node": ">=12.0.0"
            },
            "funding": {
                "url": "https://opencollective.com/serialport/donate"
            }
        },
        "node_modules/@serialport/parser-cctalk": {
            "version": "12.0.0",
            "resolved": "https://registry.npmjs.org/@serialport/parser-cctalk/-/parser-cctalk-12.0.0.tgz",
            "integrity": "sha512-0PfLzO9t2X5ufKuBO34DQKLXrCCqS9xz2D0pfuaLNeTkyGUBv426zxoMf3rsMRodDOZNbFblu3Ae84MOQXjnZw==",
            "engines": {
                "node": ">=12.0.0"
            },
            "funding": {
                "url": "https://opencollective.com/serialport/donate"
            }
        },
        "node_modules/@serialport/parser-delimiter": {
            "version": "12.0.0",
            "resolved": "https://registry.npmjs.org/@serialport/parser-delimiter/-/parser-delimiter-12.0.0.tgz",
            "integrity": "sha512-gu26tVt5lQoybhorLTPsH2j2LnX3AOP2x/34+DUSTNaUTzu2fBXw+isVjQJpUBFWu6aeQRZw5bJol5X9Gxjblw==",
            "engines": {
                "node": ">=12.0.0"
            },
            "funding": {
                "url": "https://opencollective.com/serialport/donate"
            }
        },
        "node_modules/@serialport/parser-inter-byte-timeout": {
            "version": "12.0.0",
            "resolved": "https://registry.npmjs.org/@serialport/parser-inter-byte-timeout/-/parser-inter-byte-timeout-12.0.0.tgz",
            "integrity": "sha512-GnCh8K0NAESfhCuXAt+FfBRz1Cf9CzIgXfp7SdMgXwrtuUnCC/yuRTUFWRvuzhYKoAo1TL0hhUo77SFHUH1T/w==",
            "engines": {
                "node": ">=12.0.0"
            },
            "funding": {
                "url": "https://opencollective.com/serialport/donate"
            }
        },
        "node_modules/@serialport/parser-packet-length": {
            "version": "12.0.0",
            "resolved": "https://registry.npmjs.org/@serialport/parser-packet-length/-/parser-packet-length-12.0.0.tgz",
            "integrity": "sha512-p1hiCRqvGHHLCN/8ZiPUY/G0zrxd7gtZs251n+cfNTn+87rwcdUeu9Dps3Aadx30/sOGGFL6brIRGK4l/t7MuQ==",
            "engines": {
                "node": ">=8.6.0"
            }
        },
        "node_modules/@serialport/parser-readline": {
            "version": "12.0.0",
            "resolved": "https://registry.npmjs.org/@serialport/parser-readline/-/parser-readline-12.0.0.tgz",
            "integrity": "sha512-O7cywCWC8PiOMvo/gglEBfAkLjp/SENEML46BXDykfKP5mTPM46XMaX1L0waWU6DXJpBgjaL7+yX6VriVPbN4w==",
            "dependencies": {
                "@serialport/parser-delimiter": "12.0.0"
            },
            "engines": {
                "node": ">=12.0.0"
            },
            "funding": {
                "url": "https://opencollective.com/serialport/donate"
            }
        },
        "node_modules/@serialport/parser-ready": {
            "version": "12.0.0",
            "resolved": "https://registry.npmjs.org/@serialport/parser-ready/-/parser-ready-12.0.0.tgz",
            "integrity": "sha512-ygDwj3O4SDpZlbrRUraoXIoIqb8sM7aMKryGjYTIF0JRnKeB1ys8+wIp0RFMdFbO62YriUDextHB5Um5cKFSWg==",
            "engines": {
                "node": ">=12.0.0"
            },
            "funding": {
                "url": "https://opencollective.com/serialport/donate"
            }
        },
        "node_modules/@serialport/parser-regex": {
            "version": "12.0.0",
            "resolved": "https://registry.npmjs.org/@serialport/parser-regex/-/parser-regex-12.0.0.tgz",
            "integrity": "sha512-dCAVh4P/pZrLcPv9NJ2mvPRBg64L5jXuiRxIlyxxdZGH4WubwXVXY/kBTihQmiAMPxbT3yshSX8f2+feqWsxqA==",
            "engines": {
                "node": ">=12.0.0"
            },
            "funding": {
                "url": "https://opencollective.com/serialport/donate"
            }
        },
        "node_modules/@serialport/parser-slip-encoder": {
            "version": "12.0.0",
            "resolved": "https://registry.npmjs.org/@serialport/parser-slip-encoder/-/parser-slip-encoder-12.0.0.tgz",
            "integrity": "sha512-0APxDGR9YvJXTRfY+uRGhzOhTpU5akSH183RUcwzN7QXh8/1jwFsFLCu0grmAUfi+fItCkR+Xr1TcNJLR13VNA==",
            "engines": {
                "node": ">=12.0.0"
            },
            "funding": {
                "url": "https://opencollective.com/serialport/donate"
            }
        },
        "node_modules/@serialport/parser-spacepacket": {
            "version": "12.0.0",
            "resolved": "https://registry.npmjs.org/@serialport/parser-spacepacket/-/parser-spacepacket-12.0.0.tgz",
            "integrity": "sha512-dozONxhPC/78pntuxpz/NOtVps8qIc/UZzdc/LuPvVsqCoJXiRxOg6ZtCP/W58iibJDKPZPAWPGYeZt9DJxI+Q==",
            "engines": {
                "node": ">=12.0.0"
            },
            "funding": {
                "url": "https://opencollective.com/serialport/donate"
            }
        },
        "node_modules/@serialport/stream": {
            "version": "12.0.0",
            "resolved": "https://registry.npmjs.org/@serialport/stream/-/stream-12.0.0.tgz",
            "integrity": "sha512-9On64rhzuqKdOQyiYLYv2lQOh3TZU/D3+IWCR5gk0alPel2nwpp4YwDEGiUBfrQZEdQ6xww0PWkzqth4wqwX3Q==",
            "dependencies": {
                "@serialport/bindings-interface": "1.2.2",
                "debug": "4.3.4"
            },
            "engines": {
                "node": ">=12.0.0"
            },
            "funding": {
                "url": "https://opencollective.com/serialport/donate"
            }
        },
        "node_modules/balanced-match": {
            "version": "1.0.2",
            "resolved": "https://registry.npmjs.org/balanced-match/-/balanced-match-1.0.2.tgz",
            "integrity": "sha512-3oSeUO0TMV67hN1AmbXsK4yaqU7tjiHlbxRDZOpH0KW9+CeX4bRAaX0Anxt0tx2MrpRpWwQaPwIlISEJhYU5Pw=="
        },
        "node_modules/base64-js": {
            "version": "1.5.1",
            "resolved": "https://registry.npmjs.org/base64-js/-/base64-js-1.5.1.tgz",
            "integrity": "sha512-AKpaYlHn8t4SVbOHCy+b5+KKgvR4vrsD8vbvrbiQJps7fKDTkjkDry6ji0rUJjC0kzbNePLwzxq8iypo41qeWA==",
            "funding": [
                {
                    "type": "github",
                    "url": "https://github.com/sponsors/feross"
                },
                {
                    "type": "patreon",
                    "url": "https://www.patreon.com/feross"
                },
                {
                    "type": "consulting",
                    "url": "https://feross.org/support"
                }
            ]
        },
        "node_modules/brace-expansion": {
            "version": "1.1.11",
            "resolved": "https://registry.npmjs.org/brace-expansion/-/brace-expansion-1.1.11.tgz",
            "integrity": "sha512-iCuPHDFgrHX7H2vEI/5xpz07zSHB00TpugqhmYtVmMO6518mCuRMoOYFldEBl0g187ufozdaHgWKcYFb61qGiA==",
            "dependencies": {
                "balanced-match": "^1.0.0",
                "concat-map": "0.0.1"
            }
        },
        "node_modules/buffer": {
            "version": "6.0.3",
            "resolved": "https://registry.npmjs.org/buffer/-/buffer-6.0.3.tgz",
            "integrity": "sha512-FTiCpNxtwiZZHEZbcbTIcZjERVICn9yq/pDFkTl95/AxzD1naBctN7YO68riM/gLSDY7sdrMby8hofADYuuqOA==",
            "funding": [
                {
                    "type": "github",
                    "url": "https://github.com/sponsors/feross"
                },
                {
                    "type": "patreon",
                    "url": "https://www.patreon.com/feross"
                },
                {
                    "type": "consulting",
                    "url": "https://feross.org/support"
                }
            ],
            "dependencies": {
                "base64-js": "^1.3.1",
                "ieee754": "^1.2.1"
            }
        },
        "node_modules/bytes": {
            "version": "3.0.0",
            "resolved": "https://registry.npmjs.org/bytes/-/bytes-3.0.0.tgz",
            "integrity": "sha512-pMhOfFDPiv9t5jjIXkHosWmkSyQbvsgEVNkz0ERHbuLh2T/7j4Mqqpz523Fe8MVY89KC6Sh/QfS2sM+SjgFDcw==",
            "engines": {
                "node": ">= 0.8"
            }
        },
        "node_modules/concat-map": {
            "version": "0.0.1",
            "resolved": "https://registry.npmjs.org/concat-map/-/concat-map-0.0.1.tgz",
            "integrity": "sha512-/Srv4dswyQNBfohGpz9o6Yb3Gz3SrUDqBH5rTuhGR7ahtlbYKnVxw2bCFMRljaA7EXHaXZ8wsHdodFvbkhKmqg=="
        },
        "node_modules/content-disposition": {
            "version": "0.5.2",
            "resolved": "https://registry.npmjs.org/content-disposition/-/content-disposition-0.5.2.tgz",
            "integrity": "sha512-kRGRZw3bLlFISDBgwTSA1TMBFN6J6GWDeubmDE3AF+3+yXL8hTWv8r5rkLbqYXY4RjPk/EzHnClI3zQf1cFmHA==",
            "engines": {
                "node": ">= 0.6"
            }
        },
        "node_modules/crypto-js": {
            "version": "4.2.0",
            "resolved": "https://registry.npmjs.org/crypto-js/-/crypto-js-4.2.0.tgz",
            "integrity": "sha512-KALDyEYgpY+Rlob/iriUtjV6d5Eq+Y191A5g4UqLAi8CyGP9N1+FdVbkc1SxKc2r4YAYqG8JzO2KGL+AizD70Q=="
        },
        "node_modules/debounce": {
            "version": "2.1.0",
            "resolved": "https://registry.npmjs.org/debounce/-/debounce-2.1.0.tgz",
            "integrity": "sha512-OkL3+0pPWCqoBc/nhO9u6TIQNTK44fnBnzuVtJAbp13Naxw9R6u21x+8tVTka87AhDZ3htqZ2pSSsZl9fqL2Wg==",
            "engines": {
                "node": ">=18"
            },
            "funding": {
                "url": "https://github.com/sponsors/sindresorhus"
            }
        },
        "node_modules/debug": {
            "version": "4.3.4",
            "resolved": "https://registry.npmjs.org/debug/-/debug-4.3.4.tgz",
            "integrity": "sha512-PRWFHuSU3eDtQJPvnNY7Jcket1j0t5OuOsFzPPzsekD52Zl8qUfFIPEiswXqIvHWGVHOgX+7G/vCNNhehwxfkQ==",
            "dependencies": {
                "ms": "2.1.2"
            },
            "engines": {
                "node": ">=6.0"
            },
            "peerDependenciesMeta": {
                "supports-color": {
                    "optional": true
                }
            }
        },
        "node_modules/esptool-js": {
            "version": "0.4.1",
            "resolved": "https://registry.npmjs.org/esptool-js/-/esptool-js-0.4.1.tgz",
            "integrity": "sha512-JhPHyjBncwnZDmOWxzjCQV5e6m1qP9kXPsZy5Zn/cu4tBOfPL8McncIzNVCzmLn7Jvgi06Jg09OK2HrkyMSboA==",
            "dependencies": {
                "buffer": "^6.0.3",
                "pako": "^2.1.0",
                "tslib": "^2.4.1"
            }
        },
        "node_modules/fast-url-parser": {
            "version": "1.1.3",
            "resolved": "https://registry.npmjs.org/fast-url-parser/-/fast-url-parser-1.1.3.tgz",
            "integrity": "sha512-5jOCVXADYNuRkKFzNJ0dCCewsZiYo0dz8QNYljkOpFC6r2U4OBmKtvm/Tsuh4w1YYdDqDb31a8TVhBJ2OJKdqQ==",
            "dependencies": {
                "punycode": "^1.3.2"
            }
        },
        "node_modules/ieee754": {
            "version": "1.2.1",
            "resolved": "https://registry.npmjs.org/ieee754/-/ieee754-1.2.1.tgz",
            "integrity": "sha512-dcyqhDvX1C46lXZcVqCpK+FtMRQVdIMN6/Df5js2zouUsqG7I6sFxitIC+7KYK29KdXOLHdu9zL4sFnoVQnqaA==",
            "funding": [
                {
                    "type": "github",
                    "url": "https://github.com/sponsors/feross"
                },
                {
                    "type": "patreon",
                    "url": "https://www.patreon.com/feross"
                },
                {
                    "type": "consulting",
                    "url": "https://feross.org/support"
                }
            ]
        },
        "node_modules/mime-db": {
            "version": "1.33.0",
            "resolved": "https://registry.npmjs.org/mime-db/-/mime-db-1.33.0.tgz",
            "integrity": "sha512-BHJ/EKruNIqJf/QahvxwQZXKygOQ256myeN/Ew+THcAa5q+PjyTTMMeNQC4DZw5AwfvelsUrA6B67NKMqXDbzQ==",
            "engines": {
                "node": ">= 0.6"
            }
        },
        "node_modules/mime-types": {
            "version": "2.1.18",
            "resolved": "https://registry.npmjs.org/mime-types/-/mime-types-2.1.18.tgz",
            "integrity": "sha512-lc/aahn+t4/SWV/qcmumYjymLsWfN3ELhpmVuUFjgsORruuZPVSwAQryq+HHGvO/SI2KVX26bx+En+zhM8g8hQ==",
            "dependencies": {
                "mime-db": "~1.33.0"
            },
            "engines": {
                "node": ">= 0.6"
            }
        },
        "node_modules/minimatch": {
            "version": "3.1.2",
            "resolved": "https://registry.npmjs.org/minimatch/-/minimatch-3.1.2.tgz",
            "integrity": "sha512-J7p63hRiAjw1NDEww1W7i37+ByIrOWO5XQQAzZ3VOcL0PNybwpfmV/N05zFAzwQ9USyEcX6t3UO+K5aqBQOIHw==",
            "dependencies": {
                "brace-expansion": "^1.1.7"
            },
            "engines": {
                "node": "*"
            }
        },
        "node_modules/ms": {
            "version": "2.1.2",
            "resolved": "https://registry.npmjs.org/ms/-/ms-2.1.2.tgz",
            "integrity": "sha512-sGkPx+VjMtmA6MX27oA4FBFELFCZZ4S4XqeGOXCv68tT+jb3vk/RyaKWP0PTKyWtmLSM0b+adUTEvbs1PEaH2w=="
        },
        "node_modules/node-addon-api": {
            "version": "7.0.0",
            "resolved": "https://registry.npmjs.org/node-addon-api/-/node-addon-api-7.0.0.tgz",
            "integrity": "sha512-vgbBJTS4m5/KkE16t5Ly0WW9hz46swAstv0hYYwMtbG7AznRhNyfLRe8HZAiWIpcHzoO7HxhLuBQj9rJ/Ho0ZA=="
        },
        "node_modules/node-gyp-build": {
            "version": "4.6.0",
            "resolved": "https://registry.npmjs.org/node-gyp-build/-/node-gyp-build-4.6.0.tgz",
            "integrity": "sha512-NTZVKn9IylLwUzaKjkas1e4u2DLNcV4rdYagA4PWdPwW87Bi7z+BznyKSRwS/761tV/lzCGXplWsiaMjLqP2zQ==",
            "bin": {
                "node-gyp-build": "bin.js",
                "node-gyp-build-optional": "optional.js",
                "node-gyp-build-test": "build-test.js"
            }
        },
        "node_modules/pako": {
            "version": "2.1.0",
            "resolved": "https://registry.npmjs.org/pako/-/pako-2.1.0.tgz",
            "integrity": "sha512-w+eufiZ1WuJYgPXbV/PO3NCMEc3xqylkKHzp8bxp1uW4qaSNQUkwmLLEc3kKsfz8lpV1F8Ht3U1Cm+9Srog2ug=="
        },
        "node_modules/path-is-inside": {
            "version": "1.0.2",
            "resolved": "https://registry.npmjs.org/path-is-inside/-/path-is-inside-1.0.2.tgz",
            "integrity": "sha512-DUWJr3+ULp4zXmol/SZkFf3JGsS9/SIv+Y3Rt93/UjPpDpklB5f1er4O3POIbUuUJ3FXgqte2Q7SrU6zAqwk8w=="
        },
        "node_modules/path-to-regexp": {
            "version": "2.2.1",
            "resolved": "https://registry.npmjs.org/path-to-regexp/-/path-to-regexp-2.2.1.tgz",
            "integrity": "sha512-gu9bD6Ta5bwGrrU8muHzVOBFFREpp2iRkVfhBJahwJ6p6Xw20SjT0MxLnwkjOibQmGSYhiUnf2FLe7k+jcFmGQ=="
        },
        "node_modules/punycode": {
            "version": "1.4.1",
            "resolved": "https://registry.npmjs.org/punycode/-/punycode-1.4.1.tgz",
            "integrity": "sha512-jmYNElW7yvO7TV33CjSmvSiE2yco3bV2czu/OzDKdMNVZQWfxCblURLhf+47syQRBntjfLdd/H0egrzIG+oaFQ=="
        },
        "node_modules/range-parser": {
            "version": "1.2.0",
            "resolved": "https://registry.npmjs.org/range-parser/-/range-parser-1.2.0.tgz",
            "integrity": "sha512-kA5WQoNVo4t9lNx2kQNFCxKeBl5IbbSNBl1M/tLkw9WCn+hxNBAW5Qh8gdhs63CJnhjJ2zQWFoqPJP2sK1AV5A==",
            "engines": {
                "node": ">= 0.6"
            }
        },
        "node_modules/serialport": {
            "version": "12.0.0",
            "resolved": "https://registry.npmjs.org/serialport/-/serialport-12.0.0.tgz",
            "integrity": "sha512-AmH3D9hHPFmnF/oq/rvigfiAouAKyK/TjnrkwZRYSFZxNggJxwvbAbfYrLeuvq7ktUdhuHdVdSjj852Z55R+uA==",
            "dependencies": {
                "@serialport/binding-mock": "10.2.2",
                "@serialport/bindings-cpp": "12.0.1",
                "@serialport/parser-byte-length": "12.0.0",
                "@serialport/parser-cctalk": "12.0.0",
                "@serialport/parser-delimiter": "12.0.0",
                "@serialport/parser-inter-byte-timeout": "12.0.0",
                "@serialport/parser-packet-length": "12.0.0",
                "@serialport/parser-readline": "12.0.0",
                "@serialport/parser-ready": "12.0.0",
                "@serialport/parser-regex": "12.0.0",
                "@serialport/parser-slip-encoder": "12.0.0",
                "@serialport/parser-spacepacket": "12.0.0",
                "@serialport/stream": "12.0.0",
                "debug": "4.3.4"
            },
            "engines": {
                "node": ">=16.0.0"
            },
            "funding": {
                "url": "https://opencollective.com/serialport/donate"
            }
        },
        "node_modules/serve-handler": {
            "version": "6.1.5",
            "resolved": "https://registry.npmjs.org/serve-handler/-/serve-handler-6.1.5.tgz",
            "integrity": "sha512-ijPFle6Hwe8zfmBxJdE+5fta53fdIY0lHISJvuikXB3VYFafRjMRpOffSPvCYsbKyBA7pvy9oYr/BT1O3EArlg==",
            "dependencies": {
                "bytes": "3.0.0",
                "content-disposition": "0.5.2",
                "fast-url-parser": "1.1.3",
                "mime-types": "2.1.18",
                "minimatch": "3.1.2",
                "path-is-inside": "1.0.2",
                "path-to-regexp": "2.2.1",
                "range-parser": "1.2.0"
            }
        },
        "node_modules/tslib": {
            "version": "2.6.3",
            "resolved": "https://registry.npmjs.org/tslib/-/tslib-2.6.3.tgz",
            "integrity": "sha512-xNvxJEOUiWPGhUuUdQgAJPKOOJfGnIyKySOc09XkKsgdUV/3E2zvwZYdejjmRgPCgcym1juLH3226yA7sEFJKQ=="
        },
        "node_modules/ws": {
            "version": "8.17.0",
            "resolved": "https://registry.npmjs.org/ws/-/ws-8.17.0.tgz",
            "integrity": "sha512-uJq6108EgZMAl20KagGkzCKfMEjxmKvZHG7Tlq0Z6nOky7YF7aq4mOx6xK8TJ/i1LeK4Qus7INktacctDgY8Ow==",
            "engines": {
                "node": ">=10.0.0"
            },
            "peerDependencies": {
                "bufferutil": "^4.0.1",
                "utf-8-validate": ">=5.0.2"
            },
            "peerDependenciesMeta": {
                "bufferutil": {
                    "optional": true
                },
                "utf-8-validate": {
                    "optional": true
                }
            }
        }
    }
}
